{
  "name": "gyapi",
  "version": "1.0.0",
  "lockfileVersion": 1,
  "requires": true,
  "dependencies": {
    "@mark.probst/unicode-properties": {
      "version": "1.1.0",
      "resolved": "https://artifactory.longhu.net/api/npm/dt-npm-public/@mark.probst/unicode-properties/-/unicode-properties-1.1.0.tgz",
      "integrity": "sha1-XKr+q0c335MWPW0ogAffM/mTm4A=",
      "requires": {
        "brfs": "^1.4.0",
        "unicode-trie": "^0.3.0"
      }
    },
    "@types/dot": {
      "version": "1.1.4",
      "resolved": "https://artifactory.longhu.net/api/npm/dt-npm-public/@types/dot/download/@types/dot-1.1.4.tgz",
      "integrity": "sha1-OIyY4HTuJAjDzfeDBRlvxmFIX6s=",
      "dev": true
    },
    "@types/json5": {
      "version": "0.0.30",
      "resolved": "https://artifactory.longhu.net/api/npm/dt-npm-public/@types/json5/download/@types/json5-0.0.30.tgz",
      "integrity": "sha1-RMtS8yqAlzTKVi5oXGRztXVKeBg=",
      "dev": true
    },
    "@types/lodash": {
      "version": "4.14.168",
      "resolved": "https://artifactory.longhu.net/api/npm/dt-npm-public/@types/lodash/download/@types/lodash-4.14.168.tgz",
      "integrity": "sha1-/iRjLnm3rePxMoka//hsql5c4Ag=",
      "dev": true
    },
    "@types/node": {
      "version": "14.14.22",
      "resolved": "https://artifactory.longhu.net/api/npm/dt-npm-public/@types/node/download/@types/node-14.14.22.tgz",
      "integrity": "sha1-DSnzgkcsTM872W/wzkfa9be4Sxg=",
      "dev": true
    },
    "@types/node-fetch": {
      "version": "2.5.8",
      "resolved": "https://artifactory.longhu.net/api/npm/dt-npm-public/@types/node-fetch/download/@types/node-fetch-2.5.8.tgz",
      "integrity": "sha1-4ZnINdI0x+sIRvZhgBLlWFRO4vs=",
      "dev": true,
      "requires": {
        "@types/node": "*",
        "form-data": "^3.0.0"
      }
    },
    "acorn": {
      "version": "7.4.1",
      "resolved": "https://artifactory.longhu.net/api/npm/dt-npm-public/acorn/-/acorn-7.4.1.tgz",
      "integrity": "sha1-/q7SVZc9LndVW4PbwIhRpsY1IPo="
    },
    "arg": {
      "version": "4.1.3",
      "resolved": "https://artifactory.longhu.net/api/npm/dt-npm-public/arg/download/arg-4.1.3.tgz",
      "integrity": "sha1-Jp/HrVuOQstjyJbVZmAXJhwUQIk="
    },
    "asynckit": {
      "version": "0.4.0",
      "resolved": "https://artifactory.longhu.net/api/npm/dt-npm-public/asynckit/download/asynckit-0.4.0.tgz",
      "integrity": "sha1-x57Zf380y48robyXkLzDZkdLS3k=",
      "dev": true
    },
    "balanced-match": {
      "version": "1.0.2",
      "resolved": "https://artifactory.longhu.net/api/npm/dt-npm-public/balanced-match/-/balanced-match-1.0.2.tgz",
      "integrity": "sha1-6D46fj8wCzTLnYf2FfoMvzV2kO4="
    },
    "brace-expansion": {
      "version": "1.1.11",
      "resolved": "https://artifactory.longhu.net/api/npm/dt-npm-public/brace-expansion/-/brace-expansion-1.1.11.tgz",
      "integrity": "sha1-PH/L9SnYcibz0vUrlm/1Jx60Qd0=",
      "requires": {
        "balanced-match": "^1.0.0",
        "concat-map": "0.0.1"
      }
    },
    "brfs": {
      "version": "1.6.1",
      "resolved": "https://artifactory.longhu.net/api/npm/dt-npm-public/brfs/-/brfs-1.6.1.tgz",
      "integrity": "sha1-t4ziM22BjiXuoEoJR8um1PuIScM=",
      "requires": {
        "quote-stream": "^1.0.1",
        "resolve": "^1.1.5",
        "static-module": "^2.2.0",
        "through2": "^2.0.0"
      }
    },
    "browser-or-node": {
      "version": "1.3.0",
      "resolved": "https://artifactory.longhu.net/api/npm/dt-npm-public/browser-or-node/-/browser-or-node-1.3.0.tgz",
      "integrity": "sha1-8qToVo9gJjBQpnFLLMI2u5dmR6c="
    },
    "buffer-equal": {
      "version": "0.0.1",
      "resolved": "https://artifactory.longhu.net/api/npm/dt-npm-public/buffer-equal/-/buffer-equal-0.0.1.tgz",
      "integrity": "sha1-kbx0sR6kBbyRa8aqkI+q+ltKrEs="
    },
    "buffer-from": {
      "version": "1.1.1",
      "resolved": "https://artifactory.longhu.net/api/npm/dt-npm-public/buffer-from/download/buffer-from-1.1.1.tgz",
      "integrity": "sha1-MnE7wCj3XAL9txDXx7zsHyxgcO8="
    },
    "collection-utils": {
      "version": "1.0.1",
      "resolved": "https://artifactory.longhu.net/api/npm/dt-npm-public/collection-utils/-/collection-utils-1.0.1.tgz",
      "integrity": "sha1-MdFDNkiGdPJ678CnxezKz233gEQ="
    },
    "combined-stream": {
      "version": "1.0.8",
      "resolved": "https://artifactory.longhu.net/api/npm/dt-npm-public/combined-stream/download/combined-stream-1.0.8.tgz",
      "integrity": "sha1-w9RaizT9cwYxoRCoolIGgrMdWn8=",
      "dev": true,
      "requires": {
        "delayed-stream": "~1.0.0"
      }
    },
    "concat-map": {
      "version": "0.0.1",
      "resolved": "https://artifactory.longhu.net/api/npm/dt-npm-public/concat-map/-/concat-map-0.0.1.tgz",
      "integrity": "sha1-2Klr13/Wjfd5OnMDajug1UBdR3s="
    },
    "concat-stream": {
      "version": "1.6.2",
      "resolved": "https://artifactory.longhu.net/api/npm/dt-npm-public/concat-stream/-/concat-stream-1.6.2.tgz",
      "integrity": "sha1-kEvfGUzTEi/Gdcd/xKw9T/D9GjQ=",
      "requires": {
        "buffer-from": "^1.0.0",
        "inherits": "^2.0.3",
        "readable-stream": "^2.2.2",
        "typedarray": "^0.0.6"
      }
    },
    "convert-source-map": {
      "version": "1.8.0",
      "resolved": "https://artifactory.longhu.net/api/npm/dt-npm-public/convert-source-map/-/convert-source-map-1.8.0.tgz",
      "integrity": "sha1-8zc8MtIbTXgN2ABFFGhPt5HKQ2k=",
      "requires": {
        "safe-buffer": "~5.1.1"
      }
    },
    "core-util-is": {
      "version": "1.0.2",
      "resolved": "https://artifactory.longhu.net/api/npm/dt-npm-public/core-util-is/download/core-util-is-1.0.2.tgz",
      "integrity": "sha1-tf1UIgqivFq1eqtxQMlAdUUDwac="
    },
    "create-require": {
      "version": "1.1.1",
      "resolved": "https://artifactory.longhu.net/api/npm/dt-npm-public/create-require/download/create-require-1.1.1.tgz",
      "integrity": "sha1-wdfo8eX2z8n/ZfnNNS03NIdWwzM="
    },
    "dayjs": {
      "version": "1.10.7",
      "resolved": "https://artifactory.longhu.net/api/npm/dt-npm-public/dayjs/-/dayjs-1.10.7.tgz",
      "integrity": "sha1-LPX5Gt0oEWdIRAhmoKHSbzps5Gg="
    },
    "deep-is": {
      "version": "0.1.3",
      "resolved": "https://artifactory.longhu.net/api/npm/dt-npm-public/deep-is/-/deep-is-0.1.3.tgz",
      "integrity": "sha1-s2nW+128E+7PUk+RsHD+7cNXzzQ="
    },
    "delayed-stream": {
      "version": "1.0.0",
      "resolved": "https://artifactory.longhu.net/api/npm/dt-npm-public/delayed-stream/download/delayed-stream-1.0.0.tgz",
      "integrity": "sha1-3zrhmayt+31ECqrgsp4icrJOxhk=",
      "dev": true
    },
    "diff": {
      "version": "4.0.2",
      "resolved": "https://artifactory.longhu.net/api/npm/dt-npm-public/diff/download/diff-4.0.2.tgz",
      "integrity": "sha1-YPOuy4nV+uUgwRqhnvwruYKq3n0="
    },
    "dot": {
      "version": "1.1.3",
      "resolved": "https://artifactory.longhu.net/api/npm/dt-npm-public/dot/download/dot-1.1.3.tgz",
      "integrity": "sha1-NRNg4Ap0i86aH48nwAw5Sn5OHp8="
    },
    "duplexer2": {
      "version": "0.1.4",
      "resolved": "https://artifactory.longhu.net/api/npm/dt-npm-public/duplexer2/-/duplexer2-0.1.4.tgz",
      "integrity": "sha1-ixLauHjA1p4+eJEFFmKjL8a93ME=",
      "requires": {
        "readable-stream": "^2.0.2"
      }
    },
    "encoding": {
      "version": "0.1.13",
      "resolved": "https://artifactory.longhu.net/api/npm/dt-npm-public/encoding/-/encoding-0.1.13.tgz",
      "integrity": "sha1-VldK/deR9UqOmyeFwFgqLSYhD6k=",
      "requires": {
        "iconv-lite": "^0.6.2"
      }
    },
    "escodegen": {
      "version": "1.9.1",
      "resolved": "https://artifactory.longhu.net/api/npm/dt-npm-public/escodegen/-/escodegen-1.9.1.tgz",
      "integrity": "sha1-264X75bI5L7bE1b0UE+kzC98t+I=",
      "requires": {
        "esprima": "^3.1.3",
        "estraverse": "^4.2.0",
        "esutils": "^2.0.2",
        "optionator": "^0.8.1",
        "source-map": "~0.6.1"
      }
    },
    "esprima": {
      "version": "3.1.3",
      "resolved": "https://artifactory.longhu.net/api/npm/dt-npm-public/esprima/-/esprima-3.1.3.tgz",
      "integrity": "sha1-/cpRzuYTOJXjyI1TXOSdv/YqRjM="
    },
    "estraverse": {
      "version": "4.3.0",
      "resolved": "https://artifactory.longhu.net/api/npm/dt-npm-public/estraverse/-/estraverse-4.3.0.tgz",
      "integrity": "sha1-OYrT88WiSUi+dyXoPRGn3ijNvR0="
    },
    "esutils": {
      "version": "2.0.3",
      "resolved": "https://artifactory.longhu.net/api/npm/dt-npm-public/esutils/-/esutils-2.0.3.tgz",
      "integrity": "sha1-dNLrTeC42hKTcRkQ1Qd1ubcQ72Q="
    },
    "falafel": {
      "version": "2.2.4",
      "resolved": "https://artifactory.longhu.net/api/npm/dt-npm-public/falafel/-/falafel-2.2.4.tgz",
      "integrity": "sha1-tdhsBgwkEqQxZiQ8sbzkTRq9KBk=",
      "requires": {
        "acorn": "^7.1.1",
        "foreach": "^2.0.5",
        "isarray": "^2.0.1",
        "object-keys": "^1.0.6"
      },
      "dependencies": {
        "isarray": {
          "version": "2.0.5",
          "resolved": "https://artifactory.longhu.net/api/npm/dt-npm-public/isarray/-/isarray-2.0.5.tgz",
          "integrity": "sha1-ivHkwSISRMxiRZ+vOJQNTmRKVyM="
        }
      }
    },
    "fast-levenshtein": {
      "version": "2.0.6",
      "resolved": "https://artifactory.longhu.net/api/npm/dt-npm-public/fast-levenshtein/-/fast-levenshtein-2.0.6.tgz",
      "integrity": "sha1-PYpcZog6FqMMqGQ+hR8Zuqd5eRc="
    },
    "foreach": {
      "version": "2.0.5",
      "resolved": "https://artifactory.longhu.net/api/npm/dt-npm-public/foreach/-/foreach-2.0.5.tgz",
      "integrity": "sha1-C+4AUBiusmDQo6865ljdATbsG5k="
    },
    "form-data": {
      "version": "3.0.0",
      "resolved": "https://artifactory.longhu.net/api/npm/dt-npm-public/form-data/download/form-data-3.0.0.tgz",
      "integrity": "sha1-MbfjnIXxNVtxOe4MZHzw3n+DxoI=",
      "dev": true,
      "requires": {
        "asynckit": "^0.4.0",
        "combined-stream": "^1.0.8",
        "mime-types": "^2.1.12"
      }
    },
    "fs.realpath": {
      "version": "1.0.0",
      "resolved": "https://artifactory.longhu.net/api/npm/dt-npm-public/fs.realpath/-/fs.realpath-1.0.0.tgz",
      "integrity": "sha1-FQStJSMVjKpA20onh8sBQRmU6k8="
    },
    "function-bind": {
      "version": "1.1.1",
      "resolved": "https://artifactory.longhu.net/api/npm/dt-npm-public/function-bind/-/function-bind-1.1.1.tgz",
      "integrity": "sha1-pWiZ0+o8m6uHS7l3O3xe3pL0iV0="
    },
    "glob": {
      "version": "7.1.7",
      "resolved": "https://artifactory.longhu.net/api/npm/dt-npm-public/glob/-/glob-7.1.7.tgz",
      "integrity": "sha1-Oxk+kjPwHULQs/eClLvutBj5SpA=",
      "requires": {
        "fs.realpath": "^1.0.0",
        "inflight": "^1.0.4",
        "inherits": "2",
        "minimatch": "^3.0.4",
        "once": "^1.3.0",
        "path-is-absolute": "^1.0.0"
      }
    },
    "has": {
      "version": "1.0.3",
      "resolved": "https://artifactory.longhu.net/api/npm/dt-npm-public/has/-/has-1.0.3.tgz",
      "integrity": "sha1-ci18v8H2qoJB8W3YFOAR4fQeh5Y=",
      "requires": {
        "function-bind": "^1.1.1"
      }
    },
    "iconv-lite": {
      "version": "0.6.3",
      "resolved": "https://artifactory.longhu.net/api/npm/dt-npm-public/iconv-lite/-/iconv-lite-0.6.3.tgz",
      "integrity": "sha1-pS+AvzjaGVLrXGgXkHGYcaGnJQE=",
      "requires": {
        "safer-buffer": ">= 2.1.2 < 3.0.0"
      }
    },
    "inflight": {
      "version": "1.0.6",
      "resolved": "https://artifactory.longhu.net/api/npm/dt-npm-public/inflight/-/inflight-1.0.6.tgz",
      "integrity": "sha1-Sb1jMdfQLQwJvJEKEHW6gWW1bfk=",
      "requires": {
        "once": "^1.3.0",
        "wrappy": "1"
      }
    },
    "inherits": {
      "version": "2.0.4",
      "resolved": "https://artifactory.longhu.net/api/npm/dt-npm-public/inherits/download/inherits-2.0.4.tgz",
      "integrity": "sha1-D6LGT5MpF8NDOg3tVTY6rjdBa3w="
    },
    "is-core-module": {
      "version": "2.6.0",
      "resolved": "https://artifactory.longhu.net/api/npm/dt-npm-public/is-core-module/-/is-core-module-2.6.0.tgz",
      "integrity": "sha1-11U7JSb+Wbkro+QMjfdX7Ipwnhk=",
      "requires": {
        "has": "^1.0.3"
      }
    },
    "is-stream": {
      "version": "1.1.0",
      "resolved": "https://artifactory.longhu.net/api/npm/dt-npm-public/is-stream/-/is-stream-1.1.0.tgz",
      "integrity": "sha1-EtSj3U5o4Lec6428hBc66A2RykQ="
    },
    "is-url": {
      "version": "1.2.4",
      "resolved": "https://artifactory.longhu.net/api/npm/dt-npm-public/is-url/-/is-url-1.2.4.tgz",
      "integrity": "sha1-BKTfRtKMTP89c9Af8Gq+sxihqlI="
    },
    "isarray": {
      "version": "1.0.0",
      "resolved": "https://artifactory.longhu.net/api/npm/dt-npm-public/isarray/-/isarray-1.0.0.tgz",
      "integrity": "sha1-u5NdSFgsuhaMBoNJV6VKPgcSTxE="
    },
    "isomorphic-fetch": {
      "version": "2.2.1",
      "resolved": "https://artifactory.longhu.net/api/npm/dt-npm-public/isomorphic-fetch/-/isomorphic-fetch-2.2.1.tgz",
      "integrity": "sha1-YRrhrPFPXoH3KVB0coGf6XM1WKk=",
      "requires": {
        "node-fetch": "^1.0.1",
        "whatwg-fetch": ">=0.10.0"
      },
      "dependencies": {
        "node-fetch": {
          "version": "1.7.3",
          "resolved": "https://artifactory.longhu.net/api/npm/dt-npm-public/node-fetch/-/node-fetch-1.7.3.tgz",
          "integrity": "sha1-mA9vcthSEaU0fGsrwYxbhMPrR+8=",
          "requires": {
            "encoding": "^0.1.11",
            "is-stream": "^1.0.1"
          }
        }
      }
    },
    "js-base64": {
      "version": "2.6.4",
      "resolved": "https://artifactory.longhu.net/api/npm/dt-npm-public/js-base64/-/js-base64-2.6.4.tgz",
      "integrity": "sha1-9OaGxd4eofhn28rT1G2WlCjfmMQ="
    },
    "json5": {
      "version": "2.2.0",
      "resolved": "https://artifactory.longhu.net/api/npm/dt-npm-public/json5/download/json5-2.2.0.tgz",
      "integrity": "sha1-Lf7+cgxrpSXZ69kJlQ8FFTFsiaM=",
      "requires": {
        "minimist": "^1.2.5"
      }
    },
    "levn": {
      "version": "0.3.0",
      "resolved": "https://artifactory.longhu.net/api/npm/dt-npm-public/levn/-/levn-0.3.0.tgz",
      "integrity": "sha1-OwmSTt+fCDwEkP3UwLxEIeBHZO4=",
      "requires": {
        "prelude-ls": "~1.1.2",
        "type-check": "~0.3.2"
      }
    },
    "lodash": {
      "version": "4.17.20",
      "resolved": "https://artifactory.longhu.net/api/npm/dt-npm-public/lodash/download/lodash-4.17.20.tgz",
      "integrity": "sha1-tEqbYpe8tpjxxRo1RaKzs2jVnFI="
    },
    "magic-string": {
      "version": "0.22.5",
      "resolved": "https://artifactory.longhu.net/api/npm/dt-npm-public/magic-string/-/magic-string-0.22.5.tgz",
      "integrity": "sha1-jpz1r930Q4XB2lvCpqDb0QsDZX4=",
      "requires": {
        "vlq": "^0.2.2"
      }
    },
    "make-error": {
      "version": "1.3.6",
      "resolved": "https://artifactory.longhu.net/api/npm/dt-npm-public/make-error/download/make-error-1.3.6.tgz",
      "integrity": "sha1-LrLjfqm2fEiR9oShOUeZr0hM96I="
    },
    "merge-source-map": {
      "version": "1.0.4",
      "resolved": "https://artifactory.longhu.net/api/npm/dt-npm-public/merge-source-map/-/merge-source-map-1.0.4.tgz",
      "integrity": "sha1-pd5GU42uhNQRTMXqArR3KmNGcB8=",
      "requires": {
        "source-map": "^0.5.6"
      },
      "dependencies": {
        "source-map": {
          "version": "0.5.7",
          "resolved": "https://artifactory.longhu.net/api/npm/dt-npm-public/source-map/-/source-map-0.5.7.tgz",
          "integrity": "sha1-igOdLRAh0i0eoUyA2OpGi6LvP8w="
        }
      }
    },
    "mime-db": {
      "version": "1.45.0",
      "resolved": "https://artifactory.longhu.net/api/npm/dt-npm-public/mime-db/download/mime-db-1.45.0.tgz",
      "integrity": "sha1-zO7aIczXw6dF66LezVXUtz54eeo=",
      "dev": true
    },
    "mime-types": {
      "version": "2.1.28",
      "resolved": "https://artifactory.longhu.net/api/npm/dt-npm-public/mime-types/download/mime-types-2.1.28.tgz",
      "integrity": "sha1-EWDEdX6rLFNjiI4AUnPs950qDs0=",
      "dev": true,
      "requires": {
        "mime-db": "1.45.0"
      }
    },
    "minimatch": {
      "version": "3.0.4",
      "resolved": "https://artifactory.longhu.net/api/npm/dt-npm-public/minimatch/-/minimatch-3.0.4.tgz",
      "integrity": "sha1-UWbihkV/AzBgZL5Ul+jbsMPTIIM=",
      "requires": {
        "brace-expansion": "^1.1.7"
      }
    },
    "minimist": {
      "version": "1.2.5",
      "resolved": "https://artifactory.longhu.net/api/npm/dt-npm-public/minimist/download/minimist-1.2.5.tgz",
      "integrity": "sha1-Z9ZgFLZqaoqqDAg8X9WN9OTpdgI="
    },
    "node-fetch": {
      "version": "2.6.1",
      "resolved": "https://artifactory.longhu.net/api/npm/dt-npm-public/node-fetch/download/node-fetch-2.6.1.tgz",
      "integrity": "sha1-BFvTI2Mfdu0uK1VXM5RBa2OaAFI="
    },
    "object-inspect": {
      "version": "1.4.1",
      "resolved": "https://artifactory.longhu.net/api/npm/dt-npm-public/object-inspect/-/object-inspect-1.4.1.tgz",
      "integrity": "sha1-N/+xDnGtrzdI0F9xO0yUUvQCy8Q="
    },
    "object-keys": {
      "version": "1.1.1",
      "resolved": "https://artifactory.longhu.net/api/npm/dt-npm-public/object-keys/-/object-keys-1.1.1.tgz",
      "integrity": "sha1-HEfyct8nfzsdrwYWd9nILiMixg4="
    },
    "once": {
      "version": "1.4.0",
      "resolved": "https://artifactory.longhu.net/api/npm/dt-npm-public/once/-/once-1.4.0.tgz",
      "integrity": "sha1-WDsap3WWHUsROsF9nFC6753Xa9E=",
      "requires": {
        "wrappy": "1"
      }
    },
    "optionator": {
      "version": "0.8.3",
      "resolved": "https://artifactory.longhu.net/api/npm/dt-npm-public/optionator/-/optionator-0.8.3.tgz",
      "integrity": "sha1-hPodA2/p08fiHZmIS2ARZ+yPtJU=",
      "requires": {
        "deep-is": "~0.1.3",
        "fast-levenshtein": "~2.0.6",
        "levn": "~0.3.0",
        "prelude-ls": "~1.1.2",
        "type-check": "~0.3.2",
        "word-wrap": "~1.2.3"
      }
    },
    "pako": {
      "version": "1.0.11",
      "resolved": "https://artifactory.longhu.net/api/npm/dt-npm-public/pako/-/pako-1.0.11.tgz",
      "integrity": "sha1-bJWZ00DVTf05RjgCUqNXBaa5kr8="
    },
    "path-is-absolute": {
      "version": "1.0.1",
      "resolved": "https://artifactory.longhu.net/api/npm/dt-npm-public/path-is-absolute/-/path-is-absolute-1.0.1.tgz",
      "integrity": "sha1-F0uSaHNVNP+8es5r9TpanhtcX18="
    },
    "path-parse": {
      "version": "1.0.7",
      "resolved": "https://artifactory.longhu.net/api/npm/dt-npm-public/path-parse/-/path-parse-1.0.7.tgz",
      "integrity": "sha1-+8EUtgykKzDZ2vWFjkvWi77bZzU="
    },
    "pluralize": {
      "version": "7.0.0",
      "resolved": "https://artifactory.longhu.net/api/npm/dt-npm-public/pluralize/-/pluralize-7.0.0.tgz",
      "integrity": "sha1-KYuJ34uTsCIdv0Ia0rGx6iP8Z3c="
    },
    "prelude-ls": {
      "version": "1.1.2",
      "resolved": "https://artifactory.longhu.net/api/npm/dt-npm-public/prelude-ls/-/prelude-ls-1.1.2.tgz",
      "integrity": "sha1-IZMqVJ9eUv/ZqCf1cOBL5iqX2lQ="
    },
    "prettier": {
      "version": "2.3.2",
      "resolved": "https://artifactory.longhu.net/api/npm/dt-npm-public/prettier/-/prettier-2.3.2.tgz",
      "integrity": "sha1-7ygKBewlNxLkhiM9tcbyNEHnNC0="
    },
    "process-nextick-args": {
      "version": "2.0.1",
      "resolved": "https://artifactory.longhu.net/api/npm/dt-npm-public/process-nextick-args/-/process-nextick-args-2.0.1.tgz",
      "integrity": "sha1-eCDZsWEgzFXKmud5JoCufbptf+I="
    },
    "quicktype-core": {
      "version": "6.0.70",
      "resolved": "https://artifactory.longhu.net/api/npm/dt-npm-public/quicktype-core/-/quicktype-core-6.0.70.tgz",
      "integrity": "sha1-O+Fe71BdNWvBb60B0pQdcmwKVwA=",
      "requires": {
        "@mark.probst/unicode-properties": "~1.1.0",
        "browser-or-node": "^1.2.1",
        "collection-utils": "^1.0.1",
        "is-url": "^1.2.4",
        "isomorphic-fetch": "^2.2.1",
        "js-base64": "^2.4.3",
        "pako": "^1.0.6",
        "pluralize": "^7.0.0",
        "readable-stream": "2.3.0",
        "urijs": "^1.19.1",
        "wordwrap": "^1.0.0",
        "yaml": "^1.5.0"
      }
    },
    "quote-stream": {
      "version": "1.0.2",
      "resolved": "https://artifactory.longhu.net/api/npm/dt-npm-public/quote-stream/-/quote-stream-1.0.2.tgz",
      "integrity": "sha1-hJY/jJwmuULhU/7rU6rnRlK34LI=",
      "requires": {
        "buffer-equal": "0.0.1",
        "minimist": "^1.1.3",
        "through2": "^2.0.0"
      }
    },
    "readable-stream": {
      "version": "2.3.0",
      "resolved": "https://artifactory.longhu.net/api/npm/dt-npm-public/readable-stream/-/readable-stream-2.3.0.tgz",
      "integrity": "sha1-ZA9dzaiMkajcYHhxRWKRcIE6HtI=",
      "requires": {
        "core-util-is": "~1.0.0",
        "inherits": "~2.0.3",
        "isarray": "~1.0.0",
        "process-nextick-args": "~1.0.6",
        "safe-buffer": "~5.1.0",
        "string_decoder": "~1.0.0",
        "util-deprecate": "~1.0.1"
      },
      "dependencies": {
        "process-nextick-args": {
          "version": "1.0.7",
          "resolved": "https://artifactory.longhu.net/api/npm/dt-npm-public/process-nextick-args/-/process-nextick-args-1.0.7.tgz",
          "integrity": "sha1-FQ4gt1ZZCtP5EJPyWk8q2L/zC6M="
        },
        "string_decoder": {
          "version": "1.0.3",
          "resolved": "https://artifactory.longhu.net/api/npm/dt-npm-public/string_decoder/-/string_decoder-1.0.3.tgz",
          "integrity": "sha1-D8Z9fBQYJd6UKC3VNr7GubzoYKs=",
          "requires": {
            "safe-buffer": "~5.1.0"
          }
        }
      }
    },
    "resolve": {
      "version": "1.20.0",
      "resolved": "https://artifactory.longhu.net/api/npm/dt-npm-public/resolve/-/resolve-1.20.0.tgz",
      "integrity": "sha1-YpoBP7P3B1XW8LeTXMHCxTeLGXU=",
      "requires": {
        "is-core-module": "^2.2.0",
        "path-parse": "^1.0.6"
      }
    },
    "safe-buffer": {
      "version": "5.1.2",
      "resolved": "https://artifactory.longhu.net/api/npm/dt-npm-public/safe-buffer/download/safe-buffer-5.1.2.tgz",
      "integrity": "sha1-mR7GnSluAxN0fVm9/St0XDX4go0="
    },
    "safer-buffer": {
      "version": "2.1.2",
      "resolved": "https://artifactory.longhu.net/api/npm/dt-npm-public/safer-buffer/download/safer-buffer-2.1.2.tgz",
      "integrity": "sha1-RPoWGwGHuVSd2Eu5GAL5vYOFzWo="
    },
    "shallow-copy": {
      "version": "0.0.1",
      "resolved": "https://artifactory.longhu.net/api/npm/dt-npm-public/shallow-copy/-/shallow-copy-0.0.1.tgz",
      "integrity": "sha1-QV9CcC1z2BAzApLMXuhurhoRoXA="
    },
    "simple-cookie": {
      "version": "1.0.13",
      "resolved": "https://artifactory.longhu.net/api/npm/dt-npm-public/simple-cookie/download/simple-cookie-1.0.13.tgz",
      "integrity": "sha1-3wRqQtQ1Sa6CylBFfbW9jj+aNsM="
    },
    "source-map": {
      "version": "0.6.1",
      "resolved": "https://artifactory.longhu.net/api/npm/dt-npm-public/source-map/download/source-map-0.6.1.tgz",
      "integrity": "sha1-dHIq8y6WFOnCh6jQu95IteLxomM="
    },
    "source-map-support": {
      "version": "0.5.19",
      "resolved": "https://artifactory.longhu.net/api/npm/dt-npm-public/source-map-support/download/source-map-support-0.5.19.tgz",
      "integrity": "sha1-qYti+G3K9PZzmWSMCFKRq56P7WE=",
      "requires": {
        "buffer-from": "^1.0.0",
        "source-map": "^0.6.0"
      }
    },
    "static-eval": {
      "version": "2.1.0",
      "resolved": "https://artifactory.longhu.net/api/npm/dt-npm-public/static-eval/-/static-eval-2.1.0.tgz",
      "integrity": "sha1-oW2+VFItf6XvE4kSnYE/1HsUgBQ=",
      "requires": {
        "escodegen": "^1.11.1"
      },
      "dependencies": {
        "escodegen": {
          "version": "1.14.3",
          "resolved": "https://artifactory.longhu.net/api/npm/dt-npm-public/escodegen/-/escodegen-1.14.3.tgz",
          "integrity": "sha1-TnuB+6YVgdyXWC7XjKt/Do1j9QM=",
          "requires": {
            "esprima": "^4.0.1",
            "estraverse": "^4.2.0",
            "esutils": "^2.0.2",
            "optionator": "^0.8.1",
            "source-map": "~0.6.1"
          }
        },
        "esprima": {
          "version": "4.0.1",
          "resolved": "https://artifactory.longhu.net/api/npm/dt-npm-public/esprima/-/esprima-4.0.1.tgz",
          "integrity": "sha1-E7BM2z5sXRnfkatph6hpVhmwqnE="
        }
      }
    },
    "static-module": {
      "version": "2.2.5",
      "resolved": "https://artifactory.longhu.net/api/npm/dt-npm-public/static-module/-/static-module-2.2.5.tgz",
      "integrity": "sha1-vUCrzq4z2mt6+4Sg5DKf+IUr+78=",
      "requires": {
        "concat-stream": "~1.6.0",
        "convert-source-map": "^1.5.1",
        "duplexer2": "~0.1.4",
        "escodegen": "~1.9.0",
        "falafel": "^2.1.0",
        "has": "^1.0.1",
        "magic-string": "^0.22.4",
        "merge-source-map": "1.0.4",
        "object-inspect": "~1.4.0",
        "quote-stream": "~1.0.2",
        "readable-stream": "~2.3.3",
        "shallow-copy": "~0.0.1",
        "static-eval": "^2.0.0",
        "through2": "~2.0.3"
      },
      "dependencies": {
        "readable-stream": {
          "version": "2.3.7",
          "resolved": "https://artifactory.longhu.net/api/npm/dt-npm-public/readable-stream/-/readable-stream-2.3.7.tgz",
          "integrity": "sha1-Hsoc9xGu+BTAT2IlKjamL2yyO1c=",
          "requires": {
            "core-util-is": "~1.0.0",
            "inherits": "~2.0.3",
            "isarray": "~1.0.0",
            "process-nextick-args": "~2.0.0",
            "safe-buffer": "~5.1.1",
            "string_decoder": "~1.1.1",
            "util-deprecate": "~1.0.1"
          }
        }
      }
    },
    "string_decoder": {
      "version": "1.1.1",
      "resolved": "https://artifactory.longhu.net/api/npm/dt-npm-public/string_decoder/-/string_decoder-1.1.1.tgz",
      "integrity": "sha1-nPFhG6YmhdcDCunkujQUnDrwP8g=",
      "requires": {
        "safe-buffer": "~5.1.0"
      }
    },
    "strip-bom": {
      "version": "3.0.0",
      "resolved": "https://artifactory.longhu.net/api/npm/dt-npm-public/strip-bom/download/strip-bom-3.0.0.tgz",
      "integrity": "sha1-IzTBjpx1n3vdVv3vfprj1YjmjtM=",
      "dev": true
    },
    "through2": {
      "version": "2.0.5",
      "resolved": "https://artifactory.longhu.net/api/npm/dt-npm-public/through2/-/through2-2.0.5.tgz",
      "integrity": "sha1-AcHjnrMdB8t9A6lqcIIyYLIxMs0=",
      "requires": {
        "readable-stream": "~2.3.6",
        "xtend": "~4.0.1"
      },
      "dependencies": {
        "readable-stream": {
          "version": "2.3.7",
          "resolved": "https://artifactory.longhu.net/api/npm/dt-npm-public/readable-stream/-/readable-stream-2.3.7.tgz",
          "integrity": "sha1-Hsoc9xGu+BTAT2IlKjamL2yyO1c=",
          "requires": {
            "core-util-is": "~1.0.0",
            "inherits": "~2.0.3",
            "isarray": "~1.0.0",
            "process-nextick-args": "~2.0.0",
            "safe-buffer": "~5.1.1",
            "string_decoder": "~1.1.1",
            "util-deprecate": "~1.0.1"
          }
        }
      }
    },
    "tiny-inflate": {
      "version": "1.0.3",
      "resolved": "https://artifactory.longhu.net/api/npm/dt-npm-public/tiny-inflate/-/tiny-inflate-1.0.3.tgz",
      "integrity": "sha1-EicVSUkToYBRZqr3yTRnkz7qJsQ="
    },
    "ts-node": {
      "version": "9.1.1",
      "resolved": "https://artifactory.longhu.net/api/npm/dt-npm-public/ts-node/download/ts-node-9.1.1.tgz",
      "integrity": "sha1-UamkUKPpWUAb2l8ASnLVS5NtN20=",
      "requires": {
        "arg": "^4.1.0",
        "create-require": "^1.1.0",
        "diff": "^4.0.1",
        "make-error": "^1.1.1",
        "source-map-support": "^0.5.17",
        "yn": "3.1.1"
      }
    },
    "tsconfig-paths": {
      "version": "3.9.0",
      "resolved": "https://artifactory.longhu.net/api/npm/dt-npm-public/tsconfig-paths/download/tsconfig-paths-3.9.0.tgz",
      "integrity": "sha1-CYVHpsREiAfo/Ljq4IEGTumjyQs=",
      "dev": true,
      "requires": {
        "@types/json5": "^0.0.29",
        "json5": "^1.0.1",
        "minimist": "^1.2.0",
        "strip-bom": "^3.0.0"
      },
      "dependencies": {
        "@types/json5": {
          "version": "0.0.29",
          "resolved": "https://artifactory.longhu.net/api/npm/dt-npm-public/@types/json5/download/@types/json5-0.0.29.tgz",
          "integrity": "sha1-7ihweulOEdK4J7y+UnC86n8+ce4=",
          "dev": true
        },
        "json5": {
          "version": "1.0.1",
          "resolved": "https://artifactory.longhu.net/api/npm/dt-npm-public/json5/download/json5-1.0.1.tgz",
          "integrity": "sha1-d5+wAYYE+oVOrL9iUhgNg1Q+Pb4=",
          "dev": true,
          "requires": {
            "minimist": "^1.2.0"
          }
        }
      }
    },
    "type-check": {
      "version": "0.3.2",
      "resolved": "https://artifactory.longhu.net/api/npm/dt-npm-public/type-check/-/type-check-0.3.2.tgz",
      "integrity": "sha1-WITKtRLPHTVeP7eE8wgEsrUg23I=",
      "requires": {
        "prelude-ls": "~1.1.2"
      }
    },
    "typedarray": {
      "version": "0.0.6",
      "resolved": "https://artifactory.longhu.net/api/npm/dt-npm-public/typedarray/-/typedarray-0.0.6.tgz",
      "integrity": "sha1-hnrHTjhkGHsdPUfZlqeOxciDB3c="
    },
    "typescript": {
      "version": "4.1.5",
      "resolved": "https://artifactory.longhu.net/api/npm/dt-npm-public/typescript/download/typescript-4.1.5.tgz",
      "integrity": "sha1-Ejo7IUqv874ykm8Njx9ucE64mnI="
    },
    "unicode-trie": {
      "version": "0.3.1",
      "resolved": "https://artifactory.longhu.net/api/npm/dt-npm-public/unicode-trie/-/unicode-trie-0.3.1.tgz",
      "integrity": "sha1-1nHd3YkQGgi6w3tqUWEBBgIFIIU=",
      "requires": {
        "pako": "^0.2.5",
        "tiny-inflate": "^1.0.0"
      },
      "dependencies": {
        "pako": {
          "version": "0.2.9",
          "resolved": "https://artifactory.longhu.net/api/npm/dt-npm-public/pako/-/pako-0.2.9.tgz",
          "integrity": "sha1-8/dSL073gjSNqBYbrZ7P1Rv4OnU="
        }
      }
    },
    "urijs": {
      "version": "1.19.7",
      "resolved": "https://artifactory.longhu.net/api/npm/dt-npm-public/urijs/-/urijs-1.19.7.tgz",
      "integrity": "sha1-T1lOWRE5KP6mPADOaI+zlbEWirk="
    },
    "util-deprecate": {
      "version": "1.0.2",
      "resolved": "https://artifactory.longhu.net/api/npm/dt-npm-public/util-deprecate/-/util-deprecate-1.0.2.tgz",
      "integrity": "sha1-RQ1Nyfpw3nMnYvvS1KKJgUGaDM8="
    },
    "vlq": {
      "version": "0.2.3",
      "resolved": "https://artifactory.longhu.net/api/npm/dt-npm-public/vlq/-/vlq-0.2.3.tgz",
      "integrity": "sha1-jz5DKM9jsVQMDWfhsneDhviXWyY="
    },
    "whatwg-fetch": {
      "version": "3.6.2",
      "resolved": "https://artifactory.longhu.net/api/npm/dt-npm-public/whatwg-fetch/-/whatwg-fetch-3.6.2.tgz",
      "integrity": "sha1-3O0k838mJO0CgXJdUdDi4/5nf4w="
    },
    "word-wrap": {
      "version": "1.2.3",
      "resolved": "https://artifactory.longhu.net/api/npm/dt-npm-public/word-wrap/-/word-wrap-1.2.3.tgz",
      "integrity": "sha1-YQY29rH3A4kb00dxzLF/uTtHB5w="
    },
    "wordwrap": {
      "version": "1.0.0",
      "resolved": "https://artifactory.longhu.net/api/npm/dt-npm-public/wordwrap/-/wordwrap-1.0.0.tgz",
      "integrity": "sha1-J1hIEIkUVqQXHI0CJkQa3pDLyus="
    },
    "wrappy": {
      "version": "1.0.2",
      "resolved": "https://artifactory.longhu.net/api/npm/dt-npm-public/wrappy/-/wrappy-1.0.2.tgz",
      "integrity": "sha1-tSQ9jz7BqjXxNkYFvA0QNuMKtp8="
    },
    "xtend": {
      "version": "4.0.2",
      "resolved": "https://artifactory.longhu.net/api/npm/dt-npm-public/xtend/-/xtend-4.0.2.tgz",
      "integrity": "sha1-u3J3n1+kZRhrH0OPZ0+jR/2121Q="
    },
    "yaml": {
      "version": "1.10.2",
      "resolved": "https://artifactory.longhu.net/api/npm/dt-npm-public/yaml/-/yaml-1.10.2.tgz",
      "integrity": "sha1-IwHF/78StGfejaIzOkWeKeeSDks="
    },
    "yn": {
      "version": "3.1.1",
      "resolved": "https://artifactory.longhu.net/api/npm/dt-npm-public/yn/download/yn-3.1.1.tgz",
      "integrity": "sha1-HodAGgnXZ8HV6rJqbkwYUYLS61A="
    }
  }
}
